// !$*UTF8*$!
{
	archiveVersion = 1;
	classes = {
	};
	objectVersion = 50;
	objects = {

/* Begin PBXBuildFile section */
		A5E18AEB22139E5000886D9D /* AppDelegate.swift in Sources */ = {isa = PBXBuildFile; fileRef = A5E18AEA22139E5000886D9D /* AppDelegate.swift */; };
		A5E18AED22139E5000886D9D /* ViewController.swift in Sources */ = {isa = PBXBuildFile; fileRef = A5E18AEC22139E5000886D9D /* ViewController.swift */; };
		A5E18AF022139E5000886D9D /* Main.storyboard in Resources */ = {isa = PBXBuildFile; fileRef = A5E18AEE22139E5000886D9D /* Main.storyboard */; };
		A5E18AF222139E5200886D9D /* Assets.xcassets in Resources */ = {isa = PBXBuildFile; fileRef = A5E18AF122139E5200886D9D /* Assets.xcassets */; };
		A5E18AF522139E5200886D9D /* LaunchScreen.storyboard in Resources */ = {isa = PBXBuildFile; fileRef = A5E18AF322139E5200886D9D /* LaunchScreen.storyboard */; };
		A5E18B0022139E5300886D9D /* NotesTests.swift in Sources */ = {isa = PBXBuildFile; fileRef = A5E18AFF22139E5300886D9D /* NotesTests.swift */; };
		A5E18B0B22139E5300886D9D /* NotesUITests.swift in Sources */ = {isa = PBXBuildFile; fileRef = A5E18B0A22139E5300886D9D /* NotesUITests.swift */; };
/* End PBXBuildFile section */

/* Begin PBXContainerItemProxy section */
		A5E18AFC22139E5300886D9D /* PBXContainerItemProxy */ = {
			isa = PBXContainerItemProxy;
			containerPortal = A5E18ADF22139E5000886D9D /* Project object */;
			proxyType = 1;
			remoteGlobalIDString = A5E18AE622139E5000886D9D;
			remoteInfo = Notes;
		};
		A5E18B0722139E5300886D9D /* PBXContainerItemProxy */ = {
			isa = PBXContainerItemProxy;
			containerPortal = A5E18ADF22139E5000886D9D /* Project object */;
			proxyType = 1;
			remoteGlobalIDString = A5E18AE622139E5000886D9D;
			remoteInfo = Notes;
		};
/* End PBXContainerItemProxy section */

/* Begin PBXFileReference section */
		A5E18AE722139E5000886D9D /* Notes.app */ = {isa = PBXFileReference; explicitFileType = wrapper.application; includeInIndex = 0; path = Notes.app; sourceTree = BUILT_PRODUCTS_DIR; };
		A5E18AEA22139E5000886D9D /* AppDelegate.swift */ = {isa = PBXFileReference; lastKnownFileType = sourcecode.swift; path = AppDelegate.swift; sourceTree = "<group>"; };
		A5E18AEC22139E5000886D9D /* ViewController.swift */ = {isa = PBXFileReference; lastKnownFileType = sourcecode.swift; path = ViewController.swift; sourceTree = "<group>"; };
		A5E18AEF22139E5000886D9D /* Base */ = {isa = PBXFileReference; lastKnownFileType = file.storyboard; name = Base; path = Base.lproj/Main.storyboard; sourceTree = "<group>"; };
		A5E18AF122139E5200886D9D /* Assets.xcassets */ = {isa = PBXFileReference; lastKnownFileType = folder.assetcatalog; path = Assets.xcassets; sourceTree = "<group>"; };
		A5E18AF422139E5200886D9D /* Base */ = {isa = PBXFileReference; lastKnownFileType = file.storyboard; name = Base; path = Base.lproj/LaunchScreen.storyboard; sourceTree = "<group>"; };
		A5E18AF622139E5200886D9D /* Info.plist */ = {isa = PBXFileReference; lastKnownFileType = text.plist.xml; path = Info.plist; sourceTree = "<group>"; };
		A5E18AFB22139E5300886D9D /* NotesTests.xctest */ = {isa = PBXFileReference; explicitFileType = wrapper.cfbundle; includeInIndex = 0; path = NotesTests.xctest; sourceTree = BUILT_PRODUCTS_DIR; };
		A5E18AFF22139E5300886D9D /* NotesTests.swift */ = {isa = PBXFileReference; lastKnownFileType = sourcecode.swift; path = NotesTests.swift; sourceTree = "<group>"; };
		A5E18B0122139E5300886D9D /* Info.plist */ = {isa = PBXFileReference; lastKnownFileType = text.plist.xml; path = Info.plist; sourceTree = "<group>"; };
		A5E18B0622139E5300886D9D /* NotesUITests.xctest */ = {isa = PBXFileReference; explicitFileType = wrapper.cfbundle; includeInIndex = 0; path = NotesUITests.xctest; sourceTree = BUILT_PRODUCTS_DIR; };
		A5E18B0A22139E5300886D9D /* NotesUITests.swift */ = {isa = PBXFileReference; lastKnownFileType = sourcecode.swift; path = NotesUITests.swift; sourceTree = "<group>"; };
		A5E18B0C22139E5300886D9D /* Info.plist */ = {isa = PBXFileReference; lastKnownFileType = text.plist.xml; path = Info.plist; sourceTree = "<group>"; };
/* End PBXFileReference section */

/* Begin PBXFrameworksBuildPhase section */
		A5E18AE422139E5000886D9D /* Frameworks */ = {
			isa = PBXFrameworksBuildPhase;
			buildActionMask = 2147483647;
			files = (
			);
			runOnlyForDeploymentPostprocessing = 0;
		};
		A5E18AF822139E5300886D9D /* Frameworks */ = {
			isa = PBXFrameworksBuildPhase;
			buildActionMask = 2147483647;
			files = (
			);
			runOnlyForDeploymentPostprocessing = 0;
		};
		A5E18B0322139E5300886D9D /* Frameworks */ = {
			isa = PBXFrameworksBuildPhase;
			buildActionMask = 2147483647;
			files = (
			);
			runOnlyForDeploymentPostprocessing = 0;
		};
/* End PBXFrameworksBuildPhase section */

/* Begin PBXGroup section */
		A5E18ADE22139E5000886D9D = {
			isa = PBXGroup;
			children = (
				A5E18AE922139E5000886D9D /* Notes */,
				A5E18AFE22139E5300886D9D /* NotesTests */,
				A5E18B0922139E5300886D9D /* NotesUITests */,
				A5E18AE822139E5000886D9D /* Products */,
			);
			sourceTree = "<group>";
		};
		A5E18AE822139E5000886D9D /* Products */ = {
			isa = PBXGroup;
			children = (
				A5E18AE722139E5000886D9D /* Notes.app */,
				A5E18AFB22139E5300886D9D /* NotesTests.xctest */,
				A5E18B0622139E5300886D9D /* NotesUITests.xctest */,
			);
			name = Products;
			sourceTree = "<group>";
		};
		A5E18AE922139E5000886D9D /* Notes */ = {
			isa = PBXGroup;
			children = (
				A5E18AEA22139E5000886D9D /* AppDelegate.swift */,
				A5E18AEC22139E5000886D9D /* ViewController.swift */,
				A5E18AEE22139E5000886D9D /* Main.storyboard */,
				A5E18AF122139E5200886D9D /* Assets.xcassets */,
				A5E18AF322139E5200886D9D /* LaunchScreen.storyboard */,
				A5E18AF622139E5200886D9D /* Info.plist */,
			);
			path = Notes;
			sourceTree = "<group>";
		};
		A5E18AFE22139E5300886D9D /* NotesTests */ = {
			isa = PBXGroup;
			children = (
				A5E18AFF22139E5300886D9D /* NotesTests.swift */,
				A5E18B0122139E5300886D9D /* Info.plist */,
			);
			path = NotesTests;
			sourceTree = "<group>";
		};
		A5E18B0922139E5300886D9D /* NotesUITests */ = {
			isa = PBXGroup;
			children = (
				A5E18B0A22139E5300886D9D /* NotesUITests.swift */,
				A5E18B0C22139E5300886D9D /* Info.plist */,
			);
			path = NotesUITests;
			sourceTree = "<group>";
		};
/* End PBXGroup section */

/* Begin PBXNativeTarget section */
		A5E18AE622139E5000886D9D /* Notes */ = {
			isa = PBXNativeTarget;
			buildConfigurationList = A5E18B0F22139E5300886D9D /* Build configuration list for PBXNativeTarget "Notes" */;
			buildPhases = (
				A5E18AE322139E5000886D9D /* Sources */,
				A5E18AE422139E5000886D9D /* Frameworks */,
				A5E18AE522139E5000886D9D /* Resources */,
			);
			buildRules = (
			);
			dependencies = (
			);
			name = Notes;
			productName = Notes;
			productReference = A5E18AE722139E5000886D9D /* Notes.app */;
			productType = "com.apple.product-type.application";
		};
		A5E18AFA22139E5300886D9D /* NotesTests */ = {
			isa = PBXNativeTarget;
			buildConfigurationList = A5E18B1222139E5300886D9D /* Build configuration list for PBXNativeTarget "NotesTests" */;
			buildPhases = (
				A5E18AF722139E5300886D9D /* Sources */,
				A5E18AF822139E5300886D9D /* Frameworks */,
				A5E18AF922139E5300886D9D /* Resources */,
			);
			buildRules = (
			);
			dependencies = (
				A5E18AFD22139E5300886D9D /* PBXTargetDependency */,
			);
			name = NotesTests;
			productName = NotesTests;
			productReference = A5E18AFB22139E5300886D9D /* NotesTests.xctest */;
			productType = "com.apple.product-type.bundle.unit-test";
		};
		A5E18B0522139E5300886D9D /* NotesUITests */ = {
			isa = PBXNativeTarget;
			buildConfigurationList = A5E18B1522139E5300886D9D /* Build configuration list for PBXNativeTarget "NotesUITests" */;
			buildPhases = (
				A5E18B0222139E5300886D9D /* Sources */,
				A5E18B0322139E5300886D9D /* Frameworks */,
				A5E18B0422139E5300886D9D /* Resources */,
			);
			buildRules = (
			);
			dependencies = (
				A5E18B0822139E5300886D9D /* PBXTargetDependency */,
			);
			name = NotesUITests;
			productName = NotesUITests;
			productReference = A5E18B0622139E5300886D9D /* NotesUITests.xctest */;
			productType = "com.apple.product-type.bundle.ui-testing";
		};
/* End PBXNativeTarget section */

/* Begin PBXProject section */
		A5E18ADF22139E5000886D9D /* Project object */ = {
			isa = PBXProject;
			attributes = {
				LastSwiftUpdateCheck = 1010;
				LastUpgradeCheck = 1010;
				ORGANIZATIONNAME = "Ben Rovik";
				TargetAttributes = {
					A5E18AE622139E5000886D9D = {
						CreatedOnToolsVersion = 10.1;
					};
					A5E18AFA22139E5300886D9D = {
						CreatedOnToolsVersion = 10.1;
						TestTargetID = A5E18AE622139E5000886D9D;
					};
					A5E18B0522139E5300886D9D = {
						CreatedOnToolsVersion = 10.1;
						TestTargetID = A5E18AE622139E5000886D9D;
					};
				};
			};
			buildConfigurationList = A5E18AE222139E5000886D9D /* Build configuration list for PBXProject "Notes" */;
			compatibilityVersion = "Xcode 9.3";
			developmentRegion = en;
			hasScannedForEncodings = 0;
			knownRegions = (
				en,
				Base,
			);
			mainGroup = A5E18ADE22139E5000886D9D;
			productRefGroup = A5E18AE822139E5000886D9D /* Products */;
			projectDirPath = "";
			projectRoot = "";
			targets = (
				A5E18AE622139E5000886D9D /* Notes */,
				A5E18AFA22139E5300886D9D /* NotesTests */,
				A5E18B0522139E5300886D9D /* NotesUITests */,
			);
		};
/* End PBXProject section */

/* Begin PBXResourcesBuildPhase section */
		A5E18AE522139E5000886D9D /* Resources */ = {
			isa = PBXResourcesBuildPhase;
			buildActionMask = 2147483647;
			files = (
				A5E18AF522139E5200886D9D /* LaunchScreen.storyboard in Resources */,
				A5E18AF222139E5200886D9D /* Assets.xcassets in Resources */,
				A5E18AF022139E5000886D9D /* Main.storyboard in Resources */,
			);
			runOnlyForDeploymentPostprocessing = 0;
		};
		A5E18AF922139E5300886D9D /* Resources */ = {
			isa = PBXResourcesBuildPhase;
			buildActionMask = 2147483647;
			files = (
			);
			runOnlyForDeploymentPostprocessing = 0;
		};
		A5E18B0422139E5300886D9D /* Resources */ = {
			isa = PBXResourcesBuildPhase;
			buildActionMask = 2147483647;
			files = (
			);
			runOnlyForDeploymentPostprocessing = 0;
		};
/* End PBXResourcesBuildPhase section */

/* Begin PBXSourcesBuildPhase section */
		A5E18AE322139E5000886D9D /* Sources */ = {
			isa = PBXSourcesBuildPhase;
			buildActionMask = 2147483647;
			files = (
				A5E18AED22139E5000886D9D /* ViewController.swift in Sources */,
				A5E18AEB22139E5000886D9D /* AppDelegate.swift in Sources */,
			);
			runOnlyForDeploymentPostprocessing = 0;
		};
		A5E18AF722139E5300886D9D /* Sources */ = {
			isa = PBXSourcesBuildPhase;
			buildActionMask = 2147483647;
			files = (
				A5E18B0022139E5300886D9D /* NotesTests.swift in Sources */,
			);
			runOnlyForDeploymentPostprocessing = 0;
		};
		A5E18B0222139E5300886D9D /* Sources */ = {
			isa = PBXSourcesBuildPhase;
			buildActionMask = 2147483647;
			files = (
				A5E18B0B22139E5300886D9D /* NotesUITests.swift in Sources */,
			);
			runOnlyForDeploymentPostprocessing = 0;
		};
/* End PBXSourcesBuildPhase section */

/* Begin PBXTargetDependency section */
		A5E18AFD22139E5300886D9D /* PBXTargetDependency */ = {
			isa = PBXTargetDependency;
			target = A5E18AE622139E5000886D9D /* Notes */;
			targetProxy = A5E18AFC22139E5300886D9D /* PBXContainerItemProxy */;
		};
		A5E18B0822139E5300886D9D /* PBXTargetDependency */ = {
			isa = PBXTargetDependency;
			target = A5E18AE622139E5000886D9D /* Notes */;
			targetProxy = A5E18B0722139E5300886D9D /* PBXContainerItemProxy */;
		};
/* End PBXTargetDependency section */

/* Begin PBXVariantGroup section */
		A5E18AEE22139E5000886D9D /* Main.storyboard */ = {
			isa = PBXVariantGroup;
			children = (
				A5E18AEF22139E5000886D9D /* Base */,
			);
			name = Main.storyboard;
			sourceTree = "<group>";
		};
		A5E18AF322139E5200886D9D /* LaunchScreen.storyboard */ = {
			isa = PBXVariantGroup;
			children = (
				A5E18AF422139E5200886D9D /* Base */,
			);
			name = LaunchScreen.storyboard;
			sourceTree = "<group>";
		};
/* End PBXVariantGroup section */

/* Begin XCBuildConfiguration section */
		A5E18B0D22139E5300886D9D /* Debug */ = {
			isa = XCBuildConfiguration;
			buildSettings = {
				ALWAYS_SEARCH_USER_PATHS = NO;
				CLANG_ANALYZER_NONNULL = YES;
				CLANG_ANALYZER_NUMBER_OBJECT_CONVERSION = YES_AGGRESSIVE;
				CLANG_CXX_LANGUAGE_STANDARD = "gnu++14";
				CLANG_CXX_LIBRARY = "libc++";
				CLANG_ENABLE_MODULES = YES;
				CLANG_ENABLE_OBJC_ARC = YES;
				CLANG_ENABLE_OBJC_WEAK = YES;
				CLANG_WARN_BLOCK_CAPTURE_AUTORELEASING = YES;
				CLANG_WARN_BOOL_CONVERSION = YES;
				CLANG_WARN_COMMA = YES;
				CLANG_WARN_CONSTANT_CONVERSION = YES;
				CLANG_WARN_DEPRECATED_OBJC_IMPLEMENTATIONS = YES;
				CLANG_WARN_DIRECT_OBJC_ISA_USAGE = YES_ERROR;
				CLANG_WARN_DOCUMENTATION_COMMENTS = YES;
				CLANG_WARN_EMPTY_BODY = YES;
				CLANG_WARN_ENUM_CONVERSION = YES;
				CLANG_WARN_INFINITE_RECURSION = YES;
				CLANG_WARN_INT_CONVERSION = YES;
				CLANG_WARN_NON_LITERAL_NULL_CONVERSION = YES;
				CLANG_WARN_OBJC_IMPLICIT_RETAIN_SELF = YES;
				CLANG_WARN_OBJC_LITERAL_CONVERSION = YES;
				CLANG_WARN_OBJC_ROOT_CLASS = YES_ERROR;
				CLANG_WARN_RANGE_LOOP_ANALYSIS = YES;
				CLANG_WARN_STRICT_PROTOTYPES = YES;
				CLANG_WARN_SUSPICIOUS_MOVE = YES;
				CLANG_WARN_UNGUARDED_AVAILABILITY = YES_AGGRESSIVE;
				CLANG_WARN_UNREACHABLE_CODE = YES;
				CLANG_WARN__DUPLICATE_METHOD_MATCH = YES;
				CODE_SIGN_IDENTITY = "iPhone Developer";
				COPY_PHASE_STRIP = NO;
				DEBUG_INFORMATION_FORMAT = dwarf;
				ENABLE_STRICT_OBJC_MSGSEND = YES;
				ENABLE_TESTABILITY = YES;
				GCC_C_LANGUAGE_STANDARD = gnu11;
				GCC_DYNAMIC_NO_PIC = NO;
				GCC_NO_COMMON_BLOCKS = YES;
				GCC_OPTIMIZATION_LEVEL = 0;
				GCC_PREPROCESSOR_DEFINITIONS = (
					"DEBUG=1",
					"$(inherited)",
				);
				GCC_WARN_64_TO_32_BIT_CONVERSION = YES;
				GCC_WARN_ABOUT_RETURN_TYPE = YES_ERROR;
				GCC_WARN_UNDECLARED_SELECTOR = YES;
				GCC_WARN_UNINITIALIZED_AUTOS = YES_AGGRESSIVE;
				GCC_WARN_UNUSED_FUNCTION = YES;
				GCC_WARN_UNUSED_VARIABLE = YES;
				IPHONEOS_DEPLOYMENT_TARGET = 12.1;
				MTL_ENABLE_DEBUG_INFO = INCLUDE_SOURCE;
				MTL_FAST_MATH = YES;
				ONLY_ACTIVE_ARCH = YES;
				SDKROOT = iphoneos;
				SWIFT_ACTIVE_COMPILATION_CONDITIONS = DEBUG;
				SWIFT_OPTIMIZATION_LEVEL = "-Onone";
			};
			name = Debug;
		};
		A5E18B0E22139E5300886D9D /* Release */ = {
			isa = XCBuildConfiguration;
			buildSettings = {
				ALWAYS_SEARCH_USER_PATHS = NO;
				CLANG_ANALYZER_NONNULL = YES;
				CLANG_ANALYZER_NUMBER_OBJECT_CONVERSION = YES_AGGRESSIVE;
				CLANG_CXX_LANGUAGE_STANDARD = "gnu++14";
				CLANG_CXX_LIBRARY = "libc++";
				CLANG_ENABLE_MODULES = YES;
				CLANG_ENABLE_OBJC_ARC = YES;
				CLANG_ENABLE_OBJC_WEAK = YES;
				CLANG_WARN_BLOCK_CAPTURE_AUTORELEASING = YES;
				CLANG_WARN_BOOL_CONVERSION = YES;
				CLANG_WARN_COMMA = YES;
				CLANG_WARN_CONSTANT_CONVERSION = YES;
				CLANG_WARN_DEPRECATED_OBJC_IMPLEMENTATIONS = YES;
				CLANG_WARN_DIRECT_OBJC_ISA_USAGE = YES_ERROR;
				CLANG_WARN_DOCUMENTATION_COMMENTS = YES;
				CLANG_WARN_EMPTY_BODY = YES;
				CLANG_WARN_ENUM_CONVERSION = YES;
				CLANG_WARN_INFINITE_RECURSION = YES;
				CLANG_WARN_INT_CONVERSION = YES;
				CLANG_WARN_NON_LITERAL_NULL_CONVERSION = YES;
				CLANG_WARN_OBJC_IMPLICIT_RETAIN_SELF = YES;
				CLANG_WARN_OBJC_LITERAL_CONVERSION = YES;
				CLANG_WARN_OBJC_ROOT_CLASS = YES_ERROR;
				CLANG_WARN_RANGE_LOOP_ANALYSIS = YES;
				CLANG_WARN_STRICT_PROTOTYPES = YES;
				CLANG_WARN_SUSPICIOUS_MOVE = YES;
				CLANG_WARN_UNGUARDED_AVAILABILITY = YES_AGGRESSIVE;
				CLANG_WARN_UNREACHABLE_CODE = YES;
				CLANG_WARN__DUPLICATE_METHOD_MATCH = YES;
				CODE_SIGN_IDENTITY = "iPhone Developer";
				COPY_PHASE_STRIP = NO;
				DEBUG_INFORMATION_FORMAT = "dwarf-with-dsym";
				ENABLE_NS_ASSERTIONS = NO;
				ENABLE_STRICT_OBJC_MSGSEND = YES;
				GCC_C_LANGUAGE_STANDARD = gnu11;
				GCC_NO_COMMON_BLOCKS = YES;
				GCC_WARN_64_TO_32_BIT_CONVERSION = YES;
				GCC_WARN_ABOUT_RETURN_TYPE = YES_ERROR;
				GCC_WARN_UNDECLARED_SELECTOR = YES;
				GCC_WARN_UNINITIALIZED_AUTOS = YES_AGGRESSIVE;
				GCC_WARN_UNUSED_FUNCTION = YES;
				GCC_WARN_UNUSED_VARIABLE = YES;
				IPHONEOS_DEPLOYMENT_TARGET = 12.1;
				MTL_ENABLE_DEBUG_INFO = NO;
				MTL_FAST_MATH = YES;
				SDKROOT = iphoneos;
				SWIFT_COMPILATION_MODE = wholemodule;
				SWIFT_OPTIMIZATION_LEVEL = "-O";
				VALIDATE_PRODUCT = YES;
			};
			name = Release;
		};
		A5E18B1022139E5300886D9D /* Debug */ = {
			isa = XCBuildConfiguration;
			buildSettings = {
				ASSETCATALOG_COMPILER_APPICON_NAME = AppIcon;
				CODE_SIGN_STYLE = Automatic;
				INFOPLIST_FILE = Notes/Info.plist;
				LD_RUNPATH_SEARCH_PATHS = (
					"$(inherited)",
					"@executable_path/Frameworks",
				);
				PRODUCT_BUNDLE_IDENTIFIER = Cs423.Notes;
				PRODUCT_NAME = "$(TARGET_NAME)";
				SWIFT_VERSION = 4.2;
				TARGETED_DEVICE_FAMILY = "1,2";
			};
			name = Debug;
		};
		A5E18B1122139E5300886D9D /* Release */ = {
			isa = XCBuildConfiguration;
			buildSettings = {
				ASSETCATALOG_COMPILER_APPICON_NAME = AppIcon;
				CODE_SIGN_STYLE = Automatic;
				INFOPLIST_FILE = Notes/Info.plist;
				LD_RUNPATH_SEARCH_PATHS = (
					"$(inherited)",
					"@executable_path/Frameworks",
				);
				PRODUCT_BUNDLE_IDENTIFIER = Cs423.Notes;
				PRODUCT_NAME = "$(TARGET_NAME)";
				SWIFT_VERSION = 4.2;
				TARGETED_DEVICE_FAMILY = "1,2";
			};
			name = Release;
		};
		A5E18B1322139E5300886D9D /* Debug */ = {
			isa = XCBuildConfiguration;
			buildSettings = {
				ALWAYS_EMBED_SWIFT_STANDARD_LIBRARIES = YES;
				BUNDLE_LOADER = "$(TEST_HOST)";
				CODE_SIGN_STYLE = Automatic;
				INFOPLIST_FILE = NotesTests/Info.plist;
				LD_RUNPATH_SEARCH_PATHS = (
					"$(inherited)",
					"@executable_path/Frameworks",
					"@loader_path/Frameworks",
				);
				PRODUCT_BUNDLE_IDENTIFIER = Cs423.NotesTests;
				PRODUCT_NAME = "$(TARGET_NAME)";
				SWIFT_VERSION = 4.2;
				TARGETED_DEVICE_FAMILY = "1,2";
				TEST_HOST = "$(BUILT_PRODUCTS_DIR)/Notes.app/Notes";
			};
			name = Debug;
		};
		A5E18B1422139E5300886D9D /* Release */ = {
			isa = XCBuildConfiguration;
			buildSettings = {
				ALWAYS_EMBED_SWIFT_STANDARD_LIBRARIES = YES;
				BUNDLE_LOADER = "$(TEST_HOST)";
				CODE_SIGN_STYLE = Automatic;
				INFOPLIST_FILE = NotesTests/Info.plist;
				LD_RUNPATH_SEARCH_PATHS = (
					"$(inherited)",
					"@executable_path/Frameworks",
					"@loader_path/Frameworks",
				);
				PRODUCT_BUNDLE_IDENTIFIER = Cs423.NotesTests;
				PRODUCT_NAME = "$(TARGET_NAME)";
				SWIFT_VERSION = 4.2;
				TARGETED_DEVICE_FAMILY = "1,2";
				TEST_HOST = "$(BUILT_PRODUCTS_DIR)/Notes.app/Notes";
			};
			name = Release;
		};
		A5E18B1622139E5300886D9D /* Debug */ = {
			isa = XCBuildConfiguration;
			buildSettings = {
				ALWAYS_EMBED_SWIFT_STANDARD_LIBRARIES = YES;
				CODE_SIGN_STYLE = Automatic;
				INFOPLIST_FILE = NotesUITests/Info.plist;
				LD_RUNPATH_SEARCH_PATHS = (
					"$(inherited)",
					"@executable_path/Frameworks",
					"@loader_path/Frameworks",
				);
				PRODUCT_BUNDLE_IDENTIFIER = Cs423.NotesUITests;
				PRODUCT_NAME = "$(TARGET_NAME)";
				SWIFT_VERSION = 4.2;
				TARGETED_DEVICE_FAMILY = "1,2";
				TEST_TARGET_NAME = Notes;
			};
			name = Debug;
		};
		A5E18B1722139E5300886D9D /* Release */ = {
			isa = XCBuildConfiguration;
			buildSettings = {
				ALWAYS_EMBED_SWIFT_STANDARD_LIBRARIES = YES;
				CODE_SIGN_STYLE = Automatic;
				INFOPLIST_FILE = NotesUITests/Info.plist;
				LD_RUNPATH_SEARCH_PATHS = (
					"$(inherited)",
					"@executable_path/Frameworks",
					"@loader_path/Frameworks",
				);
				PRODUCT_BUNDLE_IDENTIFIER = Cs423.NotesUITests;
				PRODUCT_NAME = "$(TARGET_NAME)";
				SWIFT_VERSION = 4.2;
				TARGETED_DEVICE_FAMILY = "1,2";
				TEST_TARGET_NAME = Notes;
			};
			name = Release;
		};
/* End XCBuildConfiguration section */

/* Begin XCConfigurationList section */
		A5E18AE222139E5000886D9D /* Build configuration list for PBXProject "Notes" */ = {
			isa = XCConfigurationList;
			buildConfigurations = (
				A5E18B0D22139E5300886D9D /* Debug */,
				A5E18B0E22139E5300886D9D /* Release */,
			);
			defaultConfigurationIsVisible = 0;
			defaultConfigurationName = Release;
		};
		A5E18B0F22139E5300886D9D /* Build configuration list for PBXNativeTarget "Notes" */ = {
			isa = XCConfigurationList;
			buildConfigurations = (
				A5E18B1022139E5300886D9D /* Debug */,
				A5E18B1122139E5300886D9D /* Release */,
			);
			defaultConfigurationIsVisible = 0;
			defaultConfigurationName = Release;
		};
		A5E18B1222139E5300886D9D /* Build configuration list for PBXNativeTarget "NotesTests" */ = {
			isa = XCConfigurationList;
			buildConfigurations = (
				A5E18B1322139E5300886D9D /* Debug */,
				A5E18B1422139E5300886D9D /* Release */,
			);
			defaultConfigurationIsVisible = 0;
			defaultConfigurationName = Release;
		};
		A5E18B1522139E5300886D9D /* Build configuration list for PBXNativeTarget "NotesUITests" */ = {
			isa = XCConfigurationList;
			buildConfigurations = (
				A5E18B1622139E5300886D9D /* Debug */,
				A5E18B1722139E5300886D9D /* Release */,
			);
			defaultConfigurationIsVisible = 0;
			defaultConfigurationName = Release;
		};
/* End XCConfigurationList section */
	};
	rootObject = A5E18ADF22139E5000886D9D /* Project object */;
}
